
Microsoft Visual Studio Solution File, Format Version 12.00
# Visual Studio Version 17
VisualStudioVersion = 17.4.33110.190
MinimumVisualStudioVersion = 10.0.40219.1
Project("{FAE04EC0-301F-11D3-BF4B-00C04F79EFBC}") = "ExpenseSample", "ExpenseSample\ExpenseSample.csproj", "{C6C8A19A-3259-456B-BD92-32B472AA5CA3}"
EndProject
Global
	GlobalSection(SolutionConfigurationPlatforms) = preSolution
		Debug|Any CPU = Debug|Any CPU
		Release|Any CPU = Release|Any CPU
	EndGlobalSection
	GlobalSection(ProjectConfigurationPlatforms) = postSolution
		{C6C8A19A-3259-456B-BD92-32B472AA5CA3}.Debug|Any CPU.ActiveCfg = Debug|Any CPU
		{C6C8A19A-3259-456B-BD92-32B472AA5CA3}.Debug|Any CPU.Build.0 = Debug|Any CPU
		{C6C8A19A-3259-456B-BD92-32B472AA5CA3}.Release|Any CPU.ActiveCfg = Release|Any CPU
		{C6C8A19A-3259-456B-BD92-32B472AA5CA3}.Release|Any CPU.Build.0 = Release|Any CPU
	EndGlobalSection
	GlobalSection(SolutionProperties) = preSolution
		HideSolutionNode = FALSE
	EndGlobalSection
	GlobalSection(ExtensibilityGlobals) = postSolution
		SolutionGuid = {E006F3C0-39D1-4A64-A342-5BC125A4F4EB}
	EndGlobalSection
EndGlobal
